
Microsoft Visual Studio Solution File, Format Version 12.00
# Visual Studio 2013
VisualStudioVersion = 12.0.21005.1
MinimumVisualStudioVersion = 10.0.40219.1
Project("{FAE04EC0-301F-11D3-BF4B-00C04F79EFBC}") = "ProgramiFunk", "ProgramiFunk\ProgramiFunk.csproj", "{24F70188-0C8C-4A26-90E4-928534EC4834}"
EndProject
Project("{FAE04EC0-301F-11D3-BF4B-00C04F79EFBC}") = "UnitTestFunksioni", "UnitTestFunksioni\UnitTestFunksioni.csproj", "{FB3D0FEA-8D5E-4FF2-9229-2B044F58F112}"
EndProject
Global
	GlobalSection(SolutionConfigurationPlatforms) = preSolution
		Debug|Any CPU = Debug|Any CPU
		Release|Any CPU = Release|Any CPU
	EndGlobalSection
	GlobalSection(ProjectConfigurationPlatforms) = postSolution
		{24F70188-0C8C-4A26-90E4-928534EC4834}.Debug|Any CPU.ActiveCfg = Debug|Any CPU
		{24F70188-0C8C-4A26-90E4-928534EC4834}.Debug|Any CPU.Build.0 = Debug|Any CPU
		{24F70188-0C8C-4A26-90E4-928534EC4834}.Release|Any CPU.ActiveCfg = Release|Any CPU
		{24F70188-0C8C-4A26-90E4-928534EC4834}.Release|Any CPU.Build.0 = Release|Any CPU
		{FB3D0FEA-8D5E-4FF2-9229-2B044F58F112}.Debug|Any CPU.ActiveCfg = Debug|Any CPU
		{FB3D0FEA-8D5E-4FF2-9229-2B044F58F112}.Debug|Any CPU.Build.0 = Debug|Any CPU
		{FB3D0FEA-8D5E-4FF2-9229-2B044F58F112}.Release|Any CPU.ActiveCfg = Release|Any CPU
		{FB3D0FEA-8D5E-4FF2-9229-2B044F58F112}.Release|Any CPU.Build.0 = Release|Any CPU
	EndGlobalSection
	GlobalSection(SolutionProperties) = preSolution
		HideSolutionNode = FALSE
	EndGlobalSection
EndGlobal
